
Microsoft Visual Studio Solution File, Format Version 12.00
# Visual Studio Version 17
VisualStudioVersion = 17.11.35327.3
MinimumVisualStudioVersion = 10.0.40219.1
Project("{FAE04EC0-301F-11D3-BF4B-00C04F79EFBC}") = "Module9.Exceptions.Task9.Exercise2.ConsolePresenter", "Module9.Exceptions.Task9.Exercise2.ConsolePresenter\Module9.Exceptions.Task9.Exercise2.ConsolePresenter.csproj", "{90CE024E-B006-4F47-88A7-B6D25340AD11}"
EndProject
Global
	GlobalSection(SolutionConfigurationPlatforms) = preSolution
		Debug|Any CPU = Debug|Any CPU
		Release|Any CPU = Release|Any CPU
	EndGlobalSection
	GlobalSection(ProjectConfigurationPlatforms) = postSolution
		{90CE024E-B006-4F47-88A7-B6D25340AD11}.Debug|Any CPU.ActiveCfg = Debug|Any CPU
		{90CE024E-B006-4F47-88A7-B6D25340AD11}.Debug|Any CPU.Build.0 = Debug|Any CPU
		{90CE024E-B006-4F47-88A7-B6D25340AD11}.Release|Any CPU.ActiveCfg = Release|Any CPU
		{90CE024E-B006-4F47-88A7-B6D25340AD11}.Release|Any CPU.Build.0 = Release|Any CPU
	EndGlobalSection
	GlobalSection(SolutionProperties) = preSolution
		HideSolutionNode = FALSE
	EndGlobalSection
	GlobalSection(ExtensibilityGlobals) = postSolution
		SolutionGuid = {E27EA65E-5DF5-4814-A3D0-2477E28CE791}
	EndGlobalSection
EndGlobal
